// !$*UTF8*$!
{
	archiveVersion = 1;
	classes = {
	};
	objectVersion = 56;
	objects = {

/* Begin PBXBuildFile section */
		7AE7205B2BA864E50051A49D /* testTaskApp.swift in Sources */ = {isa = PBXBuildFile; fileRef = 7AE7205A2BA864E50051A49D /* testTaskApp.swift */; };
		7AE7205F2BA864E80051A49D /* Assets.xcassets in Resources */ = {isa = PBXBuildFile; fileRef = 7AE7205E2BA864E80051A49D /* Assets.xcassets */; };
		7AE720622BA864E80051A49D /* Preview Assets.xcassets in Resources */ = {isa = PBXBuildFile; fileRef = 7AE720612BA864E80051A49D /* Preview Assets.xcassets */; };
		7AE7206A2BA865400051A49D /* Realm in Frameworks */ = {isa = PBXBuildFile; productRef = 7AE720692BA865400051A49D /* Realm */; };
		7AE7206C2BA865400051A49D /* RealmSwift in Frameworks */ = {isa = PBXBuildFile; productRef = 7AE7206B2BA865400051A49D /* RealmSwift */; };
		7AE720712BA91F760051A49D /* TreeView.swift in Sources */ = {isa = PBXBuildFile; fileRef = 7AE720702BA91F760051A49D /* TreeView.swift */; };
		7AE720742BA91F960051A49D /* TreeViewModel.swift in Sources */ = {isa = PBXBuildFile; fileRef = 7AE720732BA91F960051A49D /* TreeViewModel.swift */; };
		7AE720772BA920220051A49D /* Node.swift in Sources */ = {isa = PBXBuildFile; fileRef = 7AE720762BA920220051A49D /* Node.swift */; };
/* End PBXBuildFile section */

/* Begin PBXFileReference section */
		7AE720572BA864E50051A49D /* testTask.app */ = {isa = PBXFileReference; explicitFileType = wrapper.application; includeInIndex = 0; path = testTask.app; sourceTree = BUILT_PRODUCTS_DIR; };
		7AE7205A2BA864E50051A49D /* testTaskApp.swift */ = {isa = PBXFileReference; lastKnownFileType = sourcecode.swift; path = testTaskApp.swift; sourceTree = "<group>"; };
		7AE7205E2BA864E80051A49D /* Assets.xcassets */ = {isa = PBXFileReference; lastKnownFileType = folder.assetcatalog; path = Assets.xcassets; sourceTree = "<group>"; };
		7AE720612BA864E80051A49D /* Preview Assets.xcassets */ = {isa = PBXFileReference; lastKnownFileType = folder.assetcatalog; path = "Preview Assets.xcassets"; sourceTree = "<group>"; };
		7AE720702BA91F760051A49D /* TreeView.swift */ = {isa = PBXFileReference; lastKnownFileType = sourcecode.swift; path = TreeView.swift; sourceTree = "<group>"; };
		7AE720732BA91F960051A49D /* TreeViewModel.swift */ = {isa = PBXFileReference; lastKnownFileType = sourcecode.swift; path = TreeViewModel.swift; sourceTree = "<group>"; };
		7AE720762BA920220051A49D /* Node.swift */ = {isa = PBXFileReference; lastKnownFileType = sourcecode.swift; path = Node.swift; sourceTree = "<group>"; };
/* End PBXFileReference section */

/* Begin PBXFrameworksBuildPhase section */
		7AE720542BA864E50051A49D /* Frameworks */ = {
			isa = PBXFrameworksBuildPhase;
			buildActionMask = 2147483647;
			files = (
				7AE7206C2BA865400051A49D /* RealmSwift in Frameworks */,
				7AE7206A2BA865400051A49D /* Realm in Frameworks */,
			);
			runOnlyForDeploymentPostprocessing = 0;
		};
/* End PBXFrameworksBuildPhase section */

/* Begin PBXGroup section */
		7AE7204E2BA864E50051A49D = {
			isa = PBXGroup;
			children = (
				7AE720592BA864E50051A49D /* testTask */,
				7AE720582BA864E50051A49D /* Products */,
			);
			sourceTree = "<group>";
		};
		7AE720582BA864E50051A49D /* Products */ = {
			isa = PBXGroup;
			children = (
				7AE720572BA864E50051A49D /* testTask.app */,
			);
			name = Products;
			sourceTree = "<group>";
		};
		7AE720592BA864E50051A49D /* testTask */ = {
			isa = PBXGroup;
			children = (
				7AE7206D2BA91F4F0051A49D /* Tree */,
				7AE7205A2BA864E50051A49D /* testTaskApp.swift */,
				7AE7205E2BA864E80051A49D /* Assets.xcassets */,
				7AE720602BA864E80051A49D /* Preview Content */,
			);
			path = testTask;
			sourceTree = "<group>";
		};
		7AE720602BA864E80051A49D /* Preview Content */ = {
			isa = PBXGroup;
			children = (
				7AE720612BA864E80051A49D /* Preview Assets.xcassets */,
			);
			path = "Preview Content";
			sourceTree = "<group>";
		};
		7AE7206D2BA91F4F0051A49D /* Tree */ = {
			isa = PBXGroup;
			children = (
				7AE720752BA920180051A49D /* Model */,
				7AE7206F2BA91F5F0051A49D /* View */,
				7AE7206E2BA91F560051A49D /* ViewModel */,
			);
			path = Tree;
			sourceTree = "<group>";
		};
		7AE7206E2BA91F560051A49D /* ViewModel */ = {
			isa = PBXGroup;
			children = (
				7AE720732BA91F960051A49D /* TreeViewModel.swift */,
			);
			path = ViewModel;
			sourceTree = "<group>";
		};
		7AE7206F2BA91F5F0051A49D /* View */ = {
			isa = PBXGroup;
			children = (
				7AE720702BA91F760051A49D /* TreeView.swift */,
			);
			path = View;
			sourceTree = "<group>";
		};
		7AE720752BA920180051A49D /* Model */ = {
			isa = PBXGroup;
			children = (
				7AE720762BA920220051A49D /* Node.swift */,
			);
			path = Model;
			sourceTree = "<group>";
		};
/* End PBXGroup section */

/* Begin PBXNativeTarget section */
		7AE720562BA864E50051A49D /* testTask */ = {
			isa = PBXNativeTarget;
			buildConfigurationList = 7AE720652BA864E80051A49D /* Build configuration list for PBXNativeTarget "testTask" */;
			buildPhases = (
				7AE720532BA864E50051A49D /* Sources */,
				7AE720542BA864E50051A49D /* Frameworks */,
				7AE720552BA864E50051A49D /* Resources */,
			);
			buildRules = (
			);
			dependencies = (
			);
			name = testTask;
			packageProductDependencies = (
				7AE720692BA865400051A49D /* Realm */,
				7AE7206B2BA865400051A49D /* RealmSwift */,
			);
			productName = testTask;
			productReference = 7AE720572BA864E50051A49D /* testTask.app */;
			productType = "com.apple.product-type.application";
		};
/* End PBXNativeTarget section */

/* Begin PBXProject section */
		7AE7204F2BA864E50051A49D /* Project object */ = {
			isa = PBXProject;
			attributes = {
				BuildIndependentTargetsInParallel = 1;
				LastSwiftUpdateCheck = 1520;
				LastUpgradeCheck = 1520;
				TargetAttributes = {
					7AE720562BA864E50051A49D = {
						CreatedOnToolsVersion = 15.2;
					};
				};
			};
			buildConfigurationList = 7AE720522BA864E50051A49D /* Build configuration list for PBXProject "testTask" */;
			compatibilityVersion = "Xcode 14.0";
			developmentRegion = en;
			hasScannedForEncodings = 0;
			knownRegions = (
				en,
				Base,
			);
			mainGroup = 7AE7204E2BA864E50051A49D;
			packageReferences = (
				7AE720682BA865400051A49D /* XCRemoteSwiftPackageReference "realm-swift" */,
			);
			productRefGroup = 7AE720582BA864E50051A49D /* Products */;
			projectDirPath = "";
			projectRoot = "";
			targets = (
				7AE720562BA864E50051A49D /* testTask */,
			);
		};
/* End PBXProject section */

/* Begin PBXResourcesBuildPhase section */
		7AE720552BA864E50051A49D /* Resources */ = {
			isa = PBXResourcesBuildPhase;
			buildActionMask = 2147483647;
			files = (
				7AE720622BA864E80051A49D /* Preview Assets.xcassets in Resources */,
				7AE7205F2BA864E80051A49D /* Assets.xcassets in Resources */,
			);
			runOnlyForDeploymentPostprocessing = 0;
		};
/* End PBXResourcesBuildPhase section */

/* Begin PBXSourcesBuildPhase section */
		7AE720532BA864E50051A49D /* Sources */ = {
			isa = PBXSourcesBuildPhase;
			buildActionMask = 2147483647;
			files = (
				7AE720712BA91F760051A49D /* TreeView.swift in Sources */,
				7AE720772BA920220051A49D /* Node.swift in Sources */,
				7AE720742BA91F960051A49D /* TreeViewModel.swift in Sources */,
				7AE7205B2BA864E50051A49D /* testTaskApp.swift in Sources */,
			);
			runOnlyForDeploymentPostprocessing = 0;
		};
/* End PBXSourcesBuildPhase section */

/* Begin XCBuildConfiguration section */
		7AE720632BA864E80051A49D /* Debug */ = {
			isa = XCBuildConfiguration;
			buildSettings = {
				ALWAYS_SEARCH_USER_PATHS = NO;
				ASSETCATALOG_COMPILER_GENERATE_SWIFT_ASSET_SYMBOL_EXTENSIONS = YES;
				CLANG_ANALYZER_NONNULL = YES;
				CLANG_ANALYZER_NUMBER_OBJECT_CONVERSION = YES_AGGRESSIVE;
				CLANG_CXX_LANGUAGE_STANDARD = "gnu++20";
				CLANG_ENABLE_MODULES = YES;
				CLANG_ENABLE_OBJC_ARC = YES;
				CLANG_ENABLE_OBJC_WEAK = YES;
				CLANG_WARN_BLOCK_CAPTURE_AUTORELEASING = YES;
				CLANG_WARN_BOOL_CONVERSION = YES;
				CLANG_WARN_COMMA = YES;
				CLANG_WARN_CONSTANT_CONVERSION = YES;
				CLANG_WARN_DEPRECATED_OBJC_IMPLEMENTATIONS = YES;
				CLANG_WARN_DIRECT_OBJC_ISA_USAGE = YES_ERROR;
				CLANG_WARN_DOCUMENTATION_COMMENTS = YES;
				CLANG_WARN_EMPTY_BODY = YES;
				CLANG_WARN_ENUM_CONVERSION = YES;
				CLANG_WARN_INFINITE_RECURSION = YES;
				CLANG_WARN_INT_CONVERSION = YES;
				CLANG_WARN_NON_LITERAL_NULL_CONVERSION = YES;
				CLANG_WARN_OBJC_IMPLICIT_RETAIN_SELF = YES;
				CLANG_WARN_OBJC_LITERAL_CONVERSION = YES;
				CLANG_WARN_OBJC_ROOT_CLASS = YES_ERROR;
				CLANG_WARN_QUOTED_INCLUDE_IN_FRAMEWORK_HEADER = YES;
				CLANG_WARN_RANGE_LOOP_ANALYSIS = YES;
				CLANG_WARN_STRICT_PROTOTYPES = YES;
				CLANG_WARN_SUSPICIOUS_MOVE = YES;
				CLANG_WARN_UNGUARDED_AVAILABILITY = YES_AGGRESSIVE;
				CLANG_WARN_UNREACHABLE_CODE = YES;
				CLANG_WARN__DUPLICATE_METHOD_MATCH = YES;
				COPY_PHASE_STRIP = NO;
				DEBUG_INFORMATION_FORMAT = dwarf;
				ENABLE_STRICT_OBJC_MSGSEND = YES;
				ENABLE_TESTABILITY = YES;
				ENABLE_USER_SCRIPT_SANDBOXING = YES;
				GCC_C_LANGUAGE_STANDARD = gnu17;
				GCC_DYNAMIC_NO_PIC = NO;
				GCC_NO_COMMON_BLOCKS = YES;
				GCC_OPTIMIZATION_LEVEL = 0;
				GCC_PREPROCESSOR_DEFINITIONS = (
					"DEBUG=1",
					"$(inherited)",
				);
				GCC_WARN_64_TO_32_BIT_CONVERSION = YES;
				GCC_WARN_ABOUT_RETURN_TYPE = YES_ERROR;
				GCC_WARN_UNDECLARED_SELECTOR = YES;
				GCC_WARN_UNINITIALIZED_AUTOS = YES_AGGRESSIVE;
				GCC_WARN_UNUSED_FUNCTION = YES;
				GCC_WARN_UNUSED_VARIABLE = YES;
				IPHONEOS_DEPLOYMENT_TARGET = 17.2;
				LOCALIZATION_PREFERS_STRING_CATALOGS = YES;
				MTL_ENABLE_DEBUG_INFO = INCLUDE_SOURCE;
				MTL_FAST_MATH = YES;
				ONLY_ACTIVE_ARCH = YES;
				SDKROOT = iphoneos;
				SWIFT_ACTIVE_COMPILATION_CONDITIONS = "DEBUG $(inherited)";
				SWIFT_OPTIMIZATION_LEVEL = "-Onone";
			};
			name = Debug;
		};
		7AE720642BA864E80051A49D /* Release */ = {
			isa = XCBuildConfiguration;
			buildSettings = {
				ALWAYS_SEARCH_USER_PATHS = NO;
				ASSETCATALOG_COMPILER_GENERATE_SWIFT_ASSET_SYMBOL_EXTENSIONS = YES;
				CLANG_ANALYZER_NONNULL = YES;
				CLANG_ANALYZER_NUMBER_OBJECT_CONVERSION = YES_AGGRESSIVE;
				CLANG_CXX_LANGUAGE_STANDARD = "gnu++20";
				CLANG_ENABLE_MODULES = YES;
				CLANG_ENABLE_OBJC_ARC = YES;
				CLANG_ENABLE_OBJC_WEAK = YES;
				CLANG_WARN_BLOCK_CAPTURE_AUTORELEASING = YES;
				CLANG_WARN_BOOL_CONVERSION = YES;
				CLANG_WARN_COMMA = YES;
				CLANG_WARN_CONSTANT_CONVERSION = YES;
				CLANG_WARN_DEPRECATED_OBJC_IMPLEMENTATIONS = YES;
				CLANG_WARN_DIRECT_OBJC_ISA_USAGE = YES_ERROR;
				CLANG_WARN_DOCUMENTATION_COMMENTS = YES;
				CLANG_WARN_EMPTY_BODY = YES;
				CLANG_WARN_ENUM_CONVERSION = YES;
				CLANG_WARN_INFINITE_RECURSION = YES;
				CLANG_WARN_INT_CONVERSION = YES;
				CLANG_WARN_NON_LITERAL_NULL_CONVERSION = YES;
				CLANG_WARN_OBJC_IMPLICIT_RETAIN_SELF = YES;
				CLANG_WARN_OBJC_LITERAL_CONVERSION = YES;
				CLANG_WARN_OBJC_ROOT_CLASS = YES_ERROR;
				CLANG_WARN_QUOTED_INCLUDE_IN_FRAMEWORK_HEADER = YES;
				CLANG_WARN_RANGE_LOOP_ANALYSIS = YES;
				CLANG_WARN_STRICT_PROTOTYPES = YES;
				CLANG_WARN_SUSPICIOUS_MOVE = YES;
				CLANG_WARN_UNGUARDED_AVAILABILITY = YES_AGGRESSIVE;
				CLANG_WARN_UNREACHABLE_CODE = YES;
				CLANG_WARN__DUPLICATE_METHOD_MATCH = YES;
				COPY_PHASE_STRIP = NO;
				DEBUG_INFORMATION_FORMAT = "dwarf-with-dsym";
				ENABLE_NS_ASSERTIONS = NO;
				ENABLE_STRICT_OBJC_MSGSEND = YES;
				ENABLE_USER_SCRIPT_SANDBOXING = YES;
				GCC_C_LANGUAGE_STANDARD = gnu17;
				GCC_NO_COMMON_BLOCKS = YES;
				GCC_WARN_64_TO_32_BIT_CONVERSION = YES;
				GCC_WARN_ABOUT_RETURN_TYPE = YES_ERROR;
				GCC_WARN_UNDECLARED_SELECTOR = YES;
				GCC_WARN_UNINITIALIZED_AUTOS = YES_AGGRESSIVE;
				GCC_WARN_UNUSED_FUNCTION = YES;
				GCC_WARN_UNUSED_VARIABLE = YES;
				IPHONEOS_DEPLOYMENT_TARGET = 17.2;
				LOCALIZATION_PREFERS_STRING_CATALOGS = YES;
				MTL_ENABLE_DEBUG_INFO = NO;
				MTL_FAST_MATH = YES;
				SDKROOT = iphoneos;
				SWIFT_COMPILATION_MODE = wholemodule;
				VALIDATE_PRODUCT = YES;
			};
			name = Release;
		};
		7AE720662BA864E80051A49D /* Debug */ = {
			isa = XCBuildConfiguration;
			buildSettings = {
				ASSETCATALOG_COMPILER_APPICON_NAME = AppIcon;
				ASSETCATALOG_COMPILER_GLOBAL_ACCENT_COLOR_NAME = AccentColor;
				CODE_SIGN_STYLE = Automatic;
				CURRENT_PROJECT_VERSION = 1;
				DEVELOPMENT_ASSET_PATHS = "\"testTask/Preview Content\"";
				DEVELOPMENT_TEAM = T824455WAU;
				ENABLE_PREVIEWS = YES;
				GENERATE_INFOPLIST_FILE = YES;
				INFOPLIST_KEY_UIApplicationSceneManifest_Generation = YES;
				INFOPLIST_KEY_UIApplicationSupportsIndirectInputEvents = YES;
				INFOPLIST_KEY_UILaunchScreen_Generation = YES;
				INFOPLIST_KEY_UISupportedInterfaceOrientations_iPad = "UIInterfaceOrientationPortrait UIInterfaceOrientationPortraitUpsideDown UIInterfaceOrientationLandscapeLeft UIInterfaceOrientationLandscapeRight";
				INFOPLIST_KEY_UISupportedInterfaceOrientations_iPhone = "UIInterfaceOrientationPortrait UIInterfaceOrientationLandscapeLeft UIInterfaceOrientationLandscapeRight";
				LD_RUNPATH_SEARCH_PATHS = (
					"$(inherited)",
					"@executable_path/Frameworks",
				);
				MARKETING_VERSION = 1.0;
				PRODUCT_BUNDLE_IDENTIFIER = com.ahror.testTask;
				PRODUCT_NAME = "$(TARGET_NAME)";
				SWIFT_EMIT_LOC_STRINGS = YES;
				SWIFT_VERSION = 5.0;
				TARGETED_DEVICE_FAMILY = "1,2";
			};
			name = Debug;
		};
		7AE720672BA864E80051A49D /* Release */ = {
			isa = XCBuildConfiguration;
			buildSettings = {
				ASSETCATALOG_COMPILER_APPICON_NAME = AppIcon;
				ASSETCATALOG_COMPILER_GLOBAL_ACCENT_COLOR_NAME = AccentColor;
				CODE_SIGN_STYLE = Automatic;
				CURRENT_PROJECT_VERSION = 1;
				DEVELOPMENT_ASSET_PATHS = "\"testTask/Preview Content\"";
				DEVELOPMENT_TEAM = T824455WAU;
				ENABLE_PREVIEWS = YES;
				GENERATE_INFOPLIST_FILE = YES;
				INFOPLIST_KEY_UIApplicationSceneManifest_Generation = YES;
				INFOPLIST_KEY_UIApplicationSupportsIndirectInputEvents = YES;
				INFOPLIST_KEY_UILaunchScreen_Generation = YES;
				INFOPLIST_KEY_UISupportedInterfaceOrientations_iPad = "UIInterfaceOrientationPortrait UIInterfaceOrientationPortraitUpsideDown UIInterfaceOrientationLandscapeLeft UIInterfaceOrientationLandscapeRight";
				INFOPLIST_KEY_UISupportedInterfaceOrientations_iPhone = "UIInterfaceOrientationPortrait UIInterfaceOrientationLandscapeLeft UIInterfaceOrientationLandscapeRight";
				LD_RUNPATH_SEARCH_PATHS = (
					"$(inherited)",
					"@executable_path/Frameworks",
				);
				MARKETING_VERSION = 1.0;
				PRODUCT_BUNDLE_IDENTIFIER = com.ahror.testTask;
				PRODUCT_NAME = "$(TARGET_NAME)";
				SWIFT_EMIT_LOC_STRINGS = YES;
				SWIFT_VERSION = 5.0;
				TARGETED_DEVICE_FAMILY = "1,2";
			};
			name = Release;
		};
/* End XCBuildConfiguration section */

/* Begin XCConfigurationList section */
		7AE720522BA864E50051A49D /* Build configuration list for PBXProject "testTask" */ = {
			isa = XCConfigurationList;
			buildConfigurations = (
				7AE720632BA864E80051A49D /* Debug */,
				7AE720642BA864E80051A49D /* Release */,
			);
			defaultConfigurationIsVisible = 0;
			defaultConfigurationName = Release;
		};
		7AE720652BA864E80051A49D /* Build configuration list for PBXNativeTarget "testTask" */ = {
			isa = XCConfigurationList;
			buildConfigurations = (
				7AE720662BA864E80051A49D /* Debug */,
				7AE720672BA864E80051A49D /* Release */,
			);
			defaultConfigurationIsVisible = 0;
			defaultConfigurationName = Release;
		};
/* End XCConfigurationList section */

/* Begin XCRemoteSwiftPackageReference section */
		7AE720682BA865400051A49D /* XCRemoteSwiftPackageReference "realm-swift" */ = {
			isa = XCRemoteSwiftPackageReference;
			repositoryURL = "https://github.com/realm/realm-swift";
			requirement = {
				branch = master;
				kind = branch;
			};
		};
/* End XCRemoteSwiftPackageReference section */

/* Begin XCSwiftPackageProductDependency section */
		7AE720692BA865400051A49D /* Realm */ = {
			isa = XCSwiftPackageProductDependency;
			package = 7AE720682BA865400051A49D /* XCRemoteSwiftPackageReference "realm-swift" */;
			productName = Realm;
		};
		7AE7206B2BA865400051A49D /* RealmSwift */ = {
			isa = XCSwiftPackageProductDependency;
			package = 7AE720682BA865400051A49D /* XCRemoteSwiftPackageReference "realm-swift" */;
			productName = RealmSwift;
		};
/* End XCSwiftPackageProductDependency section */
	};
	rootObject = 7AE7204F2BA864E50051A49D /* Project object */;
}
